
Microsoft Visual Studio Solution File, Format Version 12.00
# Visual Studio 2013
VisualStudioVersion = 12.0.21005.1
MinimumVisualStudioVersion = 10.0.40219.1
Project("{2150E333-8FDC-42A3-9474-1A3956D46DE8}") = "Tools", "Tools", "{5C7045D5-4574-4BA7-A3BA-905C9C074F5B}"
	ProjectSection(SolutionItems) = preProject
		build.fsx = build.fsx
		tools\generate.fsx = tools\generate.fsx
	EndProjectSection
EndProject
Project("{2150E333-8FDC-42A3-9474-1A3956D46DE8}") = "Content", "Content", "{9DF5F21E-92C6-4C46-AEB9-D32284D99438}"
	ProjectSection(SolutionItems) = preProject
		content\custom\style.css = content\custom\style.css
		content\custom\tooltips.css = content\custom\tooltips.css
		content\custom\tooltips.js = content\custom\tooltips.js
	EndProjectSection
EndProject
Project("{2150E333-8FDC-42A3-9474-1A3956D46DE8}") = "Layouts", "Layouts", "{0706F2C2-636E-4740-A25F-DDB05C5AA555}"
	ProjectSection(SolutionItems) = preProject
		layouts\academic.cshtml = layouts\academic.cshtml
		layouts\default.cshtml = layouts\default.cshtml
		layouts\page.cshtml = layouts\page.cshtml
		layouts\paper.cshtml = layouts\paper.cshtml
		layouts\post.cshtml = layouts\post.cshtml
	EndProjectSection
EndProject
Project("{2150E333-8FDC-42A3-9474-1A3956D46DE8}") = "Source", "Source", "{801A3857-01D3-4355-8D2E-22C1B7DBEA95}"
	ProjectSection(SolutionItems) = preProject
		source\index.cshtml = source\index.cshtml
	EndProjectSection
EndProject
Project("{2150E333-8FDC-42A3-9474-1A3956D46DE8}") = "blog", "blog", "{F6F70A4C-7C06-45E8-BAF3-C94FCC29F92F}"
	ProjectSection(SolutionItems) = preProject
		source\blog\index.cshtml = source\blog\index.cshtml
	EndProjectSection
EndProject
Project("{2150E333-8FDC-42A3-9474-1A3956D46DE8}") = "News", "News", "{4D31843E-8781-4D84-8C86-149BF3A9E08D}"
	ProjectSection(SolutionItems) = preProject
		content\news\news.js = content\news\news.js
	EndProjectSection
EndProject
Project("{2150E333-8FDC-42A3-9474-1A3956D46DE8}") = "NuGet", "NuGet", "{6B802CA3-E934-4CEE-83C7-1BD6D90A9894}"
	ProjectSection(SolutionItems) = preProject
		.nuget\NuGet.Config = .nuget\NuGet.Config
		.nuget\NuGet.exe = .nuget\NuGet.exe
		.nuget\NuGet.targets = .nuget\NuGet.targets
	EndProjectSection
EndProject
Project("{FAE04EC0-301F-11D3-BF4B-00C04F79EFBC}") = "CSharpFormat", "tools\csharpformat\CSharpFormat.csproj", "{9AB3650B-CC24-4404-A175-A573DA928475}"
EndProject
Project("{F2A71F9B-5D33-465A-A702-920D77279786}") = "FsBlogLib", "tools\FsBlogLib\FsBlogLib.fsproj", "{B83F5E3E-8CEC-4F4E-B251-D2C853816C62}"
EndProject
Global
	GlobalSection(SolutionConfigurationPlatforms) = preSolution
		Debug|.NET = Debug|.NET
		Debug|Any CPU = Debug|Any CPU
		Debug|Mixed Platforms = Debug|Mixed Platforms
		Release|.NET = Release|.NET
		Release|Any CPU = Release|Any CPU
		Release|Mixed Platforms = Release|Mixed Platforms
	EndGlobalSection
	GlobalSection(ProjectConfigurationPlatforms) = postSolution
		{9AB3650B-CC24-4404-A175-A573DA928475}.Debug|.NET.ActiveCfg = Debug|Any CPU
		{9AB3650B-CC24-4404-A175-A573DA928475}.Debug|Any CPU.ActiveCfg = Debug|Any CPU
		{9AB3650B-CC24-4404-A175-A573DA928475}.Debug|Any CPU.Build.0 = Debug|Any CPU
		{9AB3650B-CC24-4404-A175-A573DA928475}.Debug|Mixed Platforms.ActiveCfg = Debug|Any CPU
		{9AB3650B-CC24-4404-A175-A573DA928475}.Debug|Mixed Platforms.Build.0 = Debug|Any CPU
		{9AB3650B-CC24-4404-A175-A573DA928475}.Release|.NET.ActiveCfg = Release|Any CPU
		{9AB3650B-CC24-4404-A175-A573DA928475}.Release|Any CPU.ActiveCfg = Release|Any CPU
		{9AB3650B-CC24-4404-A175-A573DA928475}.Release|Any CPU.Build.0 = Release|Any CPU
		{9AB3650B-CC24-4404-A175-A573DA928475}.Release|Mixed Platforms.ActiveCfg = Release|Any CPU
		{9AB3650B-CC24-4404-A175-A573DA928475}.Release|Mixed Platforms.Build.0 = Release|Any CPU
		{B83F5E3E-8CEC-4F4E-B251-D2C853816C62}.Debug|.NET.ActiveCfg = Debug|Any CPU
		{B83F5E3E-8CEC-4F4E-B251-D2C853816C62}.Debug|Any CPU.ActiveCfg = Debug|Any CPU
		{B83F5E3E-8CEC-4F4E-B251-D2C853816C62}.Debug|Any CPU.Build.0 = Debug|Any CPU
		{B83F5E3E-8CEC-4F4E-B251-D2C853816C62}.Debug|Mixed Platforms.ActiveCfg = Debug|Any CPU
		{B83F5E3E-8CEC-4F4E-B251-D2C853816C62}.Debug|Mixed Platforms.Build.0 = Debug|Any CPU
		{B83F5E3E-8CEC-4F4E-B251-D2C853816C62}.Release|.NET.ActiveCfg = Release|Any CPU
		{B83F5E3E-8CEC-4F4E-B251-D2C853816C62}.Release|Any CPU.ActiveCfg = Release|Any CPU
		{B83F5E3E-8CEC-4F4E-B251-D2C853816C62}.Release|Any CPU.Build.0 = Release|Any CPU
		{B83F5E3E-8CEC-4F4E-B251-D2C853816C62}.Release|Mixed Platforms.ActiveCfg = Release|Any CPU
		{B83F5E3E-8CEC-4F4E-B251-D2C853816C62}.Release|Mixed Platforms.Build.0 = Release|Any CPU
	EndGlobalSection
	GlobalSection(SolutionProperties) = preSolution
		HideSolutionNode = FALSE
	EndGlobalSection
	GlobalSection(NestedProjects) = preSolution
		{9AB3650B-CC24-4404-A175-A573DA928475} = {5C7045D5-4574-4BA7-A3BA-905C9C074F5B}
		{B83F5E3E-8CEC-4F4E-B251-D2C853816C62} = {5C7045D5-4574-4BA7-A3BA-905C9C074F5B}
		{4D31843E-8781-4D84-8C86-149BF3A9E08D} = {9DF5F21E-92C6-4C46-AEB9-D32284D99438}
		{F6F70A4C-7C06-45E8-BAF3-C94FCC29F92F} = {801A3857-01D3-4355-8D2E-22C1B7DBEA95}
	EndGlobalSection
EndGlobal
